// !$*UTF8*$!
{
	archiveVersion = 1;
	classes = {
	};
	objectVersion = 50;
	objects = {

/* Begin PBXBuildFile section */
		BF9E077D2577B9EB001BB60C /* AlarmView.swift in Sources */ = {isa = PBXBuildFile; fileRef = BF9E077C2577B9EB001BB60C /* AlarmView.swift */; };
		BF9E079A2577BD20001BB60C /* AlarmInfo.json in Resources */ = {isa = PBXBuildFile; fileRef = BF9E07992577BD20001BB60C /* AlarmInfo.json */; };
		BFB56BB3256D2D9400CC4D7C /* ClockApp.swift in Sources */ = {isa = PBXBuildFile; fileRef = BFB56BB2256D2D9400CC4D7C /* ClockApp.swift */; };
		BFB56BB5256D2D9400CC4D7C /* ContentView.swift in Sources */ = {isa = PBXBuildFile; fileRef = BFB56BB4256D2D9400CC4D7C /* ContentView.swift */; };
		BFB56BB7256D2D9600CC4D7C /* Assets.xcassets in Resources */ = {isa = PBXBuildFile; fileRef = BFB56BB6256D2D9600CC4D7C /* Assets.xcassets */; };
		BFB56BBA256D2D9600CC4D7C /* Preview Assets.xcassets in Resources */ = {isa = PBXBuildFile; fileRef = BFB56BB9256D2D9600CC4D7C /* Preview Assets.xcassets */; };
		BFB56BC5256D2D9600CC4D7C /* ClockTests.swift in Sources */ = {isa = PBXBuildFile; fileRef = BFB56BC4256D2D9600CC4D7C /* ClockTests.swift */; };
		BFB56BD0256D2D9600CC4D7C /* ClockUITests.swift in Sources */ = {isa = PBXBuildFile; fileRef = BFB56BCF256D2D9600CC4D7C /* ClockUITests.swift */; };
/* End PBXBuildFile section */

/* Begin PBXContainerItemProxy section */
		BFB56BC1256D2D9600CC4D7C /* PBXContainerItemProxy */ = {
			isa = PBXContainerItemProxy;
			containerPortal = BFB56BA7256D2D9400CC4D7C /* Project object */;
			proxyType = 1;
			remoteGlobalIDString = BFB56BAE256D2D9400CC4D7C;
			remoteInfo = Clock;
		};
		BFB56BCC256D2D9600CC4D7C /* PBXContainerItemProxy */ = {
			isa = PBXContainerItemProxy;
			containerPortal = BFB56BA7256D2D9400CC4D7C /* Project object */;
			proxyType = 1;
			remoteGlobalIDString = BFB56BAE256D2D9400CC4D7C;
			remoteInfo = Clock;
		};
/* End PBXContainerItemProxy section */

/* Begin PBXFileReference section */
		BF9E077C2577B9EB001BB60C /* AlarmView.swift */ = {isa = PBXFileReference; lastKnownFileType = sourcecode.swift; path = AlarmView.swift; sourceTree = "<group>"; };
		BF9E07992577BD20001BB60C /* AlarmInfo.json */ = {isa = PBXFileReference; lastKnownFileType = text.json; path = AlarmInfo.json; sourceTree = "<group>"; };
		BFB56BAF256D2D9400CC4D7C /* Clock.app */ = {isa = PBXFileReference; explicitFileType = wrapper.application; includeInIndex = 0; path = Clock.app; sourceTree = BUILT_PRODUCTS_DIR; };
		BFB56BB2256D2D9400CC4D7C /* ClockApp.swift */ = {isa = PBXFileReference; lastKnownFileType = sourcecode.swift; path = ClockApp.swift; sourceTree = "<group>"; };
		BFB56BB4256D2D9400CC4D7C /* ContentView.swift */ = {isa = PBXFileReference; lastKnownFileType = sourcecode.swift; path = ContentView.swift; sourceTree = "<group>"; };
		BFB56BB6256D2D9600CC4D7C /* Assets.xcassets */ = {isa = PBXFileReference; lastKnownFileType = folder.assetcatalog; path = Assets.xcassets; sourceTree = "<group>"; };
		BFB56BB9256D2D9600CC4D7C /* Preview Assets.xcassets */ = {isa = PBXFileReference; lastKnownFileType = folder.assetcatalog; path = "Preview Assets.xcassets"; sourceTree = "<group>"; };
		BFB56BBB256D2D9600CC4D7C /* Info.plist */ = {isa = PBXFileReference; lastKnownFileType = text.plist.xml; path = Info.plist; sourceTree = "<group>"; };
		BFB56BC0256D2D9600CC4D7C /* ClockTests.xctest */ = {isa = PBXFileReference; explicitFileType = wrapper.cfbundle; includeInIndex = 0; path = ClockTests.xctest; sourceTree = BUILT_PRODUCTS_DIR; };
		BFB56BC4256D2D9600CC4D7C /* ClockTests.swift */ = {isa = PBXFileReference; lastKnownFileType = sourcecode.swift; path = ClockTests.swift; sourceTree = "<group>"; };
		BFB56BC6256D2D9600CC4D7C /* Info.plist */ = {isa = PBXFileReference; lastKnownFileType = text.plist.xml; path = Info.plist; sourceTree = "<group>"; };
		BFB56BCB256D2D9600CC4D7C /* ClockUITests.xctest */ = {isa = PBXFileReference; explicitFileType = wrapper.cfbundle; includeInIndex = 0; path = ClockUITests.xctest; sourceTree = BUILT_PRODUCTS_DIR; };
		BFB56BCF256D2D9600CC4D7C /* ClockUITests.swift */ = {isa = PBXFileReference; lastKnownFileType = sourcecode.swift; path = ClockUITests.swift; sourceTree = "<group>"; };
		BFB56BD1256D2D9600CC4D7C /* Info.plist */ = {isa = PBXFileReference; lastKnownFileType = text.plist.xml; path = Info.plist; sourceTree = "<group>"; };
/* End PBXFileReference section */

/* Begin PBXFrameworksBuildPhase section */
		BFB56BAC256D2D9400CC4D7C /* Frameworks */ = {
			isa = PBXFrameworksBuildPhase;
			buildActionMask = 2147483647;
			files = (
			);
			runOnlyForDeploymentPostprocessing = 0;
		};
		BFB56BBD256D2D9600CC4D7C /* Frameworks */ = {
			isa = PBXFrameworksBuildPhase;
			buildActionMask = 2147483647;
			files = (
			);
			runOnlyForDeploymentPostprocessing = 0;
		};
		BFB56BC8256D2D9600CC4D7C /* Frameworks */ = {
			isa = PBXFrameworksBuildPhase;
			buildActionMask = 2147483647;
			files = (
			);
			runOnlyForDeploymentPostprocessing = 0;
		};
/* End PBXFrameworksBuildPhase section */

/* Begin PBXGroup section */
		BF9E07902577BCF2001BB60C /* Resources */ = {
			isa = PBXGroup;
			children = (
				BF9E07992577BD20001BB60C /* AlarmInfo.json */,
			);
			path = Resources;
			sourceTree = "<group>";
		};
		BFB56BA6256D2D9400CC4D7C = {
			isa = PBXGroup;
			children = (
				BF9E07902577BCF2001BB60C /* Resources */,
				BFB56BB1256D2D9400CC4D7C /* Clock */,
				BFB56BC3256D2D9600CC4D7C /* ClockTests */,
				BFB56BCE256D2D9600CC4D7C /* ClockUITests */,
				BFB56BB0256D2D9400CC4D7C /* Products */,
			);
			sourceTree = "<group>";
		};
		BFB56BB0256D2D9400CC4D7C /* Products */ = {
			isa = PBXGroup;
			children = (
				BFB56BAF256D2D9400CC4D7C /* Clock.app */,
				BFB56BC0256D2D9600CC4D7C /* ClockTests.xctest */,
				BFB56BCB256D2D9600CC4D7C /* ClockUITests.xctest */,
			);
			name = Products;
			sourceTree = "<group>";
		};
		BFB56BB1256D2D9400CC4D7C /* Clock */ = {
			isa = PBXGroup;
			children = (
				BFB56BB2256D2D9400CC4D7C /* ClockApp.swift */,
				BFB56BB4256D2D9400CC4D7C /* ContentView.swift */,
				BF9E077C2577B9EB001BB60C /* AlarmView.swift */,
				BFB56BB6256D2D9600CC4D7C /* Assets.xcassets */,
				BFB56BBB256D2D9600CC4D7C /* Info.plist */,
				BFB56BB8256D2D9600CC4D7C /* Preview Content */,
			);
			path = Clock;
			sourceTree = "<group>";
		};
		BFB56BB8256D2D9600CC4D7C /* Preview Content */ = {
			isa = PBXGroup;
			children = (
				BFB56BB9256D2D9600CC4D7C /* Preview Assets.xcassets */,
			);
			path = "Preview Content";
			sourceTree = "<group>";
		};
		BFB56BC3256D2D9600CC4D7C /* ClockTests */ = {
			isa = PBXGroup;
			children = (
				BFB56BC4256D2D9600CC4D7C /* ClockTests.swift */,
				BFB56BC6256D2D9600CC4D7C /* Info.plist */,
			);
			path = ClockTests;
			sourceTree = "<group>";
		};
		BFB56BCE256D2D9600CC4D7C /* ClockUITests */ = {
			isa = PBXGroup;
			children = (
				BFB56BCF256D2D9600CC4D7C /* ClockUITests.swift */,
				BFB56BD1256D2D9600CC4D7C /* Info.plist */,
			);
			path = ClockUITests;
			sourceTree = "<group>";
		};
/* End PBXGroup section */

/* Begin PBXNativeTarget section */
		BFB56BAE256D2D9400CC4D7C /* Clock */ = {
			isa = PBXNativeTarget;
			buildConfigurationList = BFB56BD4256D2D9600CC4D7C /* Build configuration list for PBXNativeTarget "Clock" */;
			buildPhases = (
				BFB56BAB256D2D9400CC4D7C /* Sources */,
				BFB56BAC256D2D9400CC4D7C /* Frameworks */,
				BFB56BAD256D2D9400CC4D7C /* Resources */,
			);
			buildRules = (
			);
			dependencies = (
			);
			name = Clock;
			productName = Clock;
			productReference = BFB56BAF256D2D9400CC4D7C /* Clock.app */;
			productType = "com.apple.product-type.application";
		};
		BFB56BBF256D2D9600CC4D7C /* ClockTests */ = {
			isa = PBXNativeTarget;
			buildConfigurationList = BFB56BD7256D2D9600CC4D7C /* Build configuration list for PBXNativeTarget "ClockTests" */;
			buildPhases = (
				BFB56BBC256D2D9600CC4D7C /* Sources */,
				BFB56BBD256D2D9600CC4D7C /* Frameworks */,
				BFB56BBE256D2D9600CC4D7C /* Resources */,
			);
			buildRules = (
			);
			dependencies = (
				BFB56BC2256D2D9600CC4D7C /* PBXTargetDependency */,
			);
			name = ClockTests;
			productName = ClockTests;
			productReference = BFB56BC0256D2D9600CC4D7C /* ClockTests.xctest */;
			productType = "com.apple.product-type.bundle.unit-test";
		};
		BFB56BCA256D2D9600CC4D7C /* ClockUITests */ = {
			isa = PBXNativeTarget;
			buildConfigurationList = BFB56BDA256D2D9600CC4D7C /* Build configuration list for PBXNativeTarget "ClockUITests" */;
			buildPhases = (
				BFB56BC7256D2D9600CC4D7C /* Sources */,
				BFB56BC8256D2D9600CC4D7C /* Frameworks */,
				BFB56BC9256D2D9600CC4D7C /* Resources */,
			);
			buildRules = (
			);
			dependencies = (
				BFB56BCD256D2D9600CC4D7C /* PBXTargetDependency */,
			);
			name = ClockUITests;
			productName = ClockUITests;
			productReference = BFB56BCB256D2D9600CC4D7C /* ClockUITests.xctest */;
			productType = "com.apple.product-type.bundle.ui-testing";
		};
/* End PBXNativeTarget section */

/* Begin PBXProject section */
		BFB56BA7256D2D9400CC4D7C /* Project object */ = {
			isa = PBXProject;
			attributes = {
				LastSwiftUpdateCheck = 1220;
				LastUpgradeCheck = 1220;
				TargetAttributes = {
					BFB56BAE256D2D9400CC4D7C = {
						CreatedOnToolsVersion = 12.2;
					};
					BFB56BBF256D2D9600CC4D7C = {
						CreatedOnToolsVersion = 12.2;
						TestTargetID = BFB56BAE256D2D9400CC4D7C;
					};
					BFB56BCA256D2D9600CC4D7C = {
						CreatedOnToolsVersion = 12.2;
						TestTargetID = BFB56BAE256D2D9400CC4D7C;
					};
				};
			};
			buildConfigurationList = BFB56BAA256D2D9400CC4D7C /* Build configuration list for PBXProject "Clock" */;
			compatibilityVersion = "Xcode 9.3";
			developmentRegion = en;
			hasScannedForEncodings = 0;
			knownRegions = (
				en,
				Base,
			);
			mainGroup = BFB56BA6256D2D9400CC4D7C;
			productRefGroup = BFB56BB0256D2D9400CC4D7C /* Products */;
			projectDirPath = "";
			projectRoot = "";
			targets = (
				BFB56BAE256D2D9400CC4D7C /* Clock */,
				BFB56BBF256D2D9600CC4D7C /* ClockTests */,
				BFB56BCA256D2D9600CC4D7C /* ClockUITests */,
			);
		};
/* End PBXProject section */

/* Begin PBXResourcesBuildPhase section */
		BFB56BAD256D2D9400CC4D7C /* Resources */ = {
			isa = PBXResourcesBuildPhase;
			buildActionMask = 2147483647;
			files = (
				BFB56BBA256D2D9600CC4D7C /* Preview Assets.xcassets in Resources */,
				BFB56BB7256D2D9600CC4D7C /* Assets.xcassets in Resources */,
				BF9E079A2577BD20001BB60C /* AlarmInfo.json in Resources */,
			);
			runOnlyForDeploymentPostprocessing = 0;
		};
		BFB56BBE256D2D9600CC4D7C /* Resources */ = {
			isa = PBXResourcesBuildPhase;
			buildActionMask = 2147483647;
			files = (
			);
			runOnlyForDeploymentPostprocessing = 0;
		};
		BFB56BC9256D2D9600CC4D7C /* Resources */ = {
			isa = PBXResourcesBuildPhase;
			buildActionMask = 2147483647;
			files = (
			);
			runOnlyForDeploymentPostprocessing = 0;
		};
/* End PBXResourcesBuildPhase section */

/* Begin PBXSourcesBuildPhase section */
		BFB56BAB256D2D9400CC4D7C /* Sources */ = {
			isa = PBXSourcesBuildPhase;
			buildActionMask = 2147483647;
			files = (
				BFB56BB5256D2D9400CC4D7C /* ContentView.swift in Sources */,
				BFB56BB3256D2D9400CC4D7C /* ClockApp.swift in Sources */,
				BF9E077D2577B9EB001BB60C /* AlarmView.swift in Sources */,
			);
			runOnlyForDeploymentPostprocessing = 0;
		};
		BFB56BBC256D2D9600CC4D7C /* Sources */ = {
			isa = PBXSourcesBuildPhase;
			buildActionMask = 2147483647;
			files = (
				BFB56BC5256D2D9600CC4D7C /* ClockTests.swift in Sources */,
			);
			runOnlyForDeploymentPostprocessing = 0;
		};
		BFB56BC7256D2D9600CC4D7C /* Sources */ = {
			isa = PBXSourcesBuildPhase;
			buildActionMask = 2147483647;
			files = (
				BFB56BD0256D2D9600CC4D7C /* ClockUITests.swift in Sources */,
			);
			runOnlyForDeploymentPostprocessing = 0;
		};
/* End PBXSourcesBuildPhase section */

/* Begin PBXTargetDependency section */
		BFB56BC2256D2D9600CC4D7C /* PBXTargetDependency */ = {
			isa = PBXTargetDependency;
			target = BFB56BAE256D2D9400CC4D7C /* Clock */;
			targetProxy = BFB56BC1256D2D9600CC4D7C /* PBXContainerItemProxy */;
		};
		BFB56BCD256D2D9600CC4D7C /* PBXTargetDependency */ = {
			isa = PBXTargetDependency;
			target = BFB56BAE256D2D9400CC4D7C /* Clock */;
			targetProxy = BFB56BCC256D2D9600CC4D7C /* PBXContainerItemProxy */;
		};
/* End PBXTargetDependency section */

/* Begin XCBuildConfiguration section */
		BFB56BD2256D2D9600CC4D7C /* Debug */ = {
			isa = XCBuildConfiguration;
			buildSettings = {
				ALWAYS_SEARCH_USER_PATHS = NO;
				CLANG_ANALYZER_NONNULL = YES;
				CLANG_ANALYZER_NUMBER_OBJECT_CONVERSION = YES_AGGRESSIVE;
				CLANG_CXX_LANGUAGE_STANDARD = "gnu++14";
				CLANG_CXX_LIBRARY = "libc++";
				CLANG_ENABLE_MODULES = YES;
				CLANG_ENABLE_OBJC_ARC = YES;
				CLANG_ENABLE_OBJC_WEAK = YES;
				CLANG_WARN_BLOCK_CAPTURE_AUTORELEASING = YES;
				CLANG_WARN_BOOL_CONVERSION = YES;
				CLANG_WARN_COMMA = YES;
				CLANG_WARN_CONSTANT_CONVERSION = YES;
				CLANG_WARN_DEPRECATED_OBJC_IMPLEMENTATIONS = YES;
				CLANG_WARN_DIRECT_OBJC_ISA_USAGE = YES_ERROR;
				CLANG_WARN_DOCUMENTATION_COMMENTS = YES;
				CLANG_WARN_EMPTY_BODY = YES;
				CLANG_WARN_ENUM_CONVERSION = YES;
				CLANG_WARN_INFINITE_RECURSION = YES;
				CLANG_WARN_INT_CONVERSION = YES;
				CLANG_WARN_NON_LITERAL_NULL_CONVERSION = YES;
				CLANG_WARN_OBJC_IMPLICIT_RETAIN_SELF = YES;
				CLANG_WARN_OBJC_LITERAL_CONVERSION = YES;
				CLANG_WARN_OBJC_ROOT_CLASS = YES_ERROR;
				CLANG_WARN_QUOTED_INCLUDE_IN_FRAMEWORK_HEADER = YES;
				CLANG_WARN_RANGE_LOOP_ANALYSIS = YES;
				CLANG_WARN_STRICT_PROTOTYPES = YES;
				CLANG_WARN_SUSPICIOUS_MOVE = YES;
				CLANG_WARN_UNGUARDED_AVAILABILITY = YES_AGGRESSIVE;
				CLANG_WARN_UNREACHABLE_CODE = YES;
				CLANG_WARN__DUPLICATE_METHOD_MATCH = YES;
				COPY_PHASE_STRIP = NO;
				DEBUG_INFORMATION_FORMAT = dwarf;
				ENABLE_STRICT_OBJC_MSGSEND = YES;
				ENABLE_TESTABILITY = YES;
				GCC_C_LANGUAGE_STANDARD = gnu11;
				GCC_DYNAMIC_NO_PIC = NO;
				GCC_NO_COMMON_BLOCKS = YES;
				GCC_OPTIMIZATION_LEVEL = 0;
				GCC_PREPROCESSOR_DEFINITIONS = (
					"DEBUG=1",
					"$(inherited)",
				);
				GCC_WARN_64_TO_32_BIT_CONVERSION = YES;
				GCC_WARN_ABOUT_RETURN_TYPE = YES_ERROR;
				GCC_WARN_UNDECLARED_SELECTOR = YES;
				GCC_WARN_UNINITIALIZED_AUTOS = YES_AGGRESSIVE;
				GCC_WARN_UNUSED_FUNCTION = YES;
				GCC_WARN_UNUSED_VARIABLE = YES;
				IPHONEOS_DEPLOYMENT_TARGET = 14.2;
				MTL_ENABLE_DEBUG_INFO = INCLUDE_SOURCE;
				MTL_FAST_MATH = YES;
				ONLY_ACTIVE_ARCH = YES;
				SDKROOT = iphoneos;
				SWIFT_ACTIVE_COMPILATION_CONDITIONS = DEBUG;
				SWIFT_OPTIMIZATION_LEVEL = "-Onone";
			};
			name = Debug;
		};
		BFB56BD3256D2D9600CC4D7C /* Release */ = {
			isa = XCBuildConfiguration;
			buildSettings = {
				ALWAYS_SEARCH_USER_PATHS = NO;
				CLANG_ANALYZER_NONNULL = YES;
				CLANG_ANALYZER_NUMBER_OBJECT_CONVERSION = YES_AGGRESSIVE;
				CLANG_CXX_LANGUAGE_STANDARD = "gnu++14";
				CLANG_CXX_LIBRARY = "libc++";
				CLANG_ENABLE_MODULES = YES;
				CLANG_ENABLE_OBJC_ARC = YES;
				CLANG_ENABLE_OBJC_WEAK = YES;
				CLANG_WARN_BLOCK_CAPTURE_AUTORELEASING = YES;
				CLANG_WARN_BOOL_CONVERSION = YES;
				CLANG_WARN_COMMA = YES;
				CLANG_WARN_CONSTANT_CONVERSION = YES;
				CLANG_WARN_DEPRECATED_OBJC_IMPLEMENTATIONS = YES;
				CLANG_WARN_DIRECT_OBJC_ISA_USAGE = YES_ERROR;
				CLANG_WARN_DOCUMENTATION_COMMENTS = YES;
				CLANG_WARN_EMPTY_BODY = YES;
				CLANG_WARN_ENUM_CONVERSION = YES;
				CLANG_WARN_INFINITE_RECURSION = YES;
				CLANG_WARN_INT_CONVERSION = YES;
				CLANG_WARN_NON_LITERAL_NULL_CONVERSION = YES;
				CLANG_WARN_OBJC_IMPLICIT_RETAIN_SELF = YES;
				CLANG_WARN_OBJC_LITERAL_CONVERSION = YES;
				CLANG_WARN_OBJC_ROOT_CLASS = YES_ERROR;
				CLANG_WARN_QUOTED_INCLUDE_IN_FRAMEWORK_HEADER = YES;
				CLANG_WARN_RANGE_LOOP_ANALYSIS = YES;
				CLANG_WARN_STRICT_PROTOTYPES = YES;
				CLANG_WARN_SUSPICIOUS_MOVE = YES;
				CLANG_WARN_UNGUARDED_AVAILABILITY = YES_AGGRESSIVE;
				CLANG_WARN_UNREACHABLE_CODE = YES;
				CLANG_WARN__DUPLICATE_METHOD_MATCH = YES;
				COPY_PHASE_STRIP = NO;
				DEBUG_INFORMATION_FORMAT = "dwarf-with-dsym";
				ENABLE_NS_ASSERTIONS = NO;
				ENABLE_STRICT_OBJC_MSGSEND = YES;
				GCC_C_LANGUAGE_STANDARD = gnu11;
				GCC_NO_COMMON_BLOCKS = YES;
				GCC_WARN_64_TO_32_BIT_CONVERSION = YES;
				GCC_WARN_ABOUT_RETURN_TYPE = YES_ERROR;
				GCC_WARN_UNDECLARED_SELECTOR = YES;
				GCC_WARN_UNINITIALIZED_AUTOS = YES_AGGRESSIVE;
				GCC_WARN_UNUSED_FUNCTION = YES;
				GCC_WARN_UNUSED_VARIABLE = YES;
				IPHONEOS_DEPLOYMENT_TARGET = 14.2;
				MTL_ENABLE_DEBUG_INFO = NO;
				MTL_FAST_MATH = YES;
				SDKROOT = iphoneos;
				SWIFT_COMPILATION_MODE = wholemodule;
				SWIFT_OPTIMIZATION_LEVEL = "-O";
				VALIDATE_PRODUCT = YES;
			};
			name = Release;
		};
		BFB56BD5256D2D9600CC4D7C /* Debug */ = {
			isa = XCBuildConfiguration;
			buildSettings = {
				ASSETCATALOG_COMPILER_APPICON_NAME = AppIcon;
				ASSETCATALOG_COMPILER_GLOBAL_ACCENT_COLOR_NAME = AccentColor;
				CODE_SIGN_STYLE = Automatic;
				DEVELOPMENT_ASSET_PATHS = "\"Clock/Preview Content\"";
				ENABLE_PREVIEWS = YES;
				INFOPLIST_FILE = Clock/Info.plist;
				IPHONEOS_DEPLOYMENT_TARGET = 14.0;
				LD_RUNPATH_SEARCH_PATHS = (
					"$(inherited)",
					"@executable_path/Frameworks",
				);
				PRODUCT_BUNDLE_IDENTIFIER = Haku.Clock;
				PRODUCT_NAME = "$(TARGET_NAME)";
				SWIFT_VERSION = 5.0;
				TARGETED_DEVICE_FAMILY = "1,2";
			};
			name = Debug;
		};
		BFB56BD6256D2D9600CC4D7C /* Release */ = {
			isa = XCBuildConfiguration;
			buildSettings = {
				ASSETCATALOG_COMPILER_APPICON_NAME = AppIcon;
				ASSETCATALOG_COMPILER_GLOBAL_ACCENT_COLOR_NAME = AccentColor;
				CODE_SIGN_STYLE = Automatic;
				DEVELOPMENT_ASSET_PATHS = "\"Clock/Preview Content\"";
				ENABLE_PREVIEWS = YES;
				INFOPLIST_FILE = Clock/Info.plist;
				IPHONEOS_DEPLOYMENT_TARGET = 14.0;
				LD_RUNPATH_SEARCH_PATHS = (
					"$(inherited)",
					"@executable_path/Frameworks",
				);
				PRODUCT_BUNDLE_IDENTIFIER = Haku.Clock;
				PRODUCT_NAME = "$(TARGET_NAME)";
				SWIFT_VERSION = 5.0;
				TARGETED_DEVICE_FAMILY = "1,2";
			};
			name = Release;
		};
		BFB56BD8256D2D9600CC4D7C /* Debug */ = {
			isa = XCBuildConfiguration;
			buildSettings = {
				ALWAYS_EMBED_SWIFT_STANDARD_LIBRARIES = YES;
				BUNDLE_LOADER = "$(TEST_HOST)";
				CODE_SIGN_STYLE = Automatic;
				INFOPLIST_FILE = ClockTests/Info.plist;
				IPHONEOS_DEPLOYMENT_TARGET = 14.0;
				LD_RUNPATH_SEARCH_PATHS = (
					"$(inherited)",
					"@executable_path/Frameworks",
					"@loader_path/Frameworks",
				);
				PRODUCT_BUNDLE_IDENTIFIER = Haku.ClockTests;
				PRODUCT_NAME = "$(TARGET_NAME)";
				SWIFT_VERSION = 5.0;
				TARGETED_DEVICE_FAMILY = "1,2";
				TEST_HOST = "$(BUILT_PRODUCTS_DIR)/Clock.app/Clock";
			};
			name = Debug;
		};
		BFB56BD9256D2D9600CC4D7C /* Release */ = {
			isa = XCBuildConfiguration;
			buildSettings = {
				ALWAYS_EMBED_SWIFT_STANDARD_LIBRARIES = YES;
				BUNDLE_LOADER = "$(TEST_HOST)";
				CODE_SIGN_STYLE = Automatic;
				INFOPLIST_FILE = ClockTests/Info.plist;
				IPHONEOS_DEPLOYMENT_TARGET = 14.0;
				LD_RUNPATH_SEARCH_PATHS = (
					"$(inherited)",
					"@executable_path/Frameworks",
					"@loader_path/Frameworks",
				);
				PRODUCT_BUNDLE_IDENTIFIER = Haku.ClockTests;
				PRODUCT_NAME = "$(TARGET_NAME)";
				SWIFT_VERSION = 5.0;
				TARGETED_DEVICE_FAMILY = "1,2";
				TEST_HOST = "$(BUILT_PRODUCTS_DIR)/Clock.app/Clock";
			};
			name = Release;
		};
		BFB56BDB256D2D9600CC4D7C /* Debug */ = {
			isa = XCBuildConfiguration;
			buildSettings = {
				ALWAYS_EMBED_SWIFT_STANDARD_LIBRARIES = YES;
				CODE_SIGN_STYLE = Automatic;
				INFOPLIST_FILE = ClockUITests/Info.plist;
				LD_RUNPATH_SEARCH_PATHS = (
					"$(inherited)",
					"@executable_path/Frameworks",
					"@loader_path/Frameworks",
				);
				PRODUCT_BUNDLE_IDENTIFIER = Haku.ClockUITests;
				PRODUCT_NAME = "$(TARGET_NAME)";
				SWIFT_VERSION = 5.0;
				TARGETED_DEVICE_FAMILY = "1,2";
				TEST_TARGET_NAME = Clock;
			};
			name = Debug;
		};
		BFB56BDC256D2D9600CC4D7C /* Release */ = {
			isa = XCBuildConfiguration;
			buildSettings = {
				ALWAYS_EMBED_SWIFT_STANDARD_LIBRARIES = YES;
				CODE_SIGN_STYLE = Automatic;
				INFOPLIST_FILE = ClockUITests/Info.plist;
				LD_RUNPATH_SEARCH_PATHS = (
					"$(inherited)",
					"@executable_path/Frameworks",
					"@loader_path/Frameworks",
				);
				PRODUCT_BUNDLE_IDENTIFIER = Haku.ClockUITests;
				PRODUCT_NAME = "$(TARGET_NAME)";
				SWIFT_VERSION = 5.0;
				TARGETED_DEVICE_FAMILY = "1,2";
				TEST_TARGET_NAME = Clock;
			};
			name = Release;
		};
/* End XCBuildConfiguration section */

/* Begin XCConfigurationList section */
		BFB56BAA256D2D9400CC4D7C /* Build configuration list for PBXProject "Clock" */ = {
			isa = XCConfigurationList;
			buildConfigurations = (
				BFB56BD2256D2D9600CC4D7C /* Debug */,
				BFB56BD3256D2D9600CC4D7C /* Release */,
			);
			defaultConfigurationIsVisible = 0;
			defaultConfigurationName = Release;
		};
		BFB56BD4256D2D9600CC4D7C /* Build configuration list for PBXNativeTarget "Clock" */ = {
			isa = XCConfigurationList;
			buildConfigurations = (
				BFB56BD5256D2D9600CC4D7C /* Debug */,
				BFB56BD6256D2D9600CC4D7C /* Release */,
			);
			defaultConfigurationIsVisible = 0;
			defaultConfigurationName = Release;
		};
		BFB56BD7256D2D9600CC4D7C /* Build configuration list for PBXNativeTarget "ClockTests" */ = {
			isa = XCConfigurationList;
			buildConfigurations = (
				BFB56BD8256D2D9600CC4D7C /* Debug */,
				BFB56BD9256D2D9600CC4D7C /* Release */,
			);
			defaultConfigurationIsVisible = 0;
			defaultConfigurationName = Release;
		};
		BFB56BDA256D2D9600CC4D7C /* Build configuration list for PBXNativeTarget "ClockUITests" */ = {
			isa = XCConfigurationList;
			buildConfigurations = (
				BFB56BDB256D2D9600CC4D7C /* Debug */,
				BFB56BDC256D2D9600CC4D7C /* Release */,
			);
			defaultConfigurationIsVisible = 0;
			defaultConfigurationName = Release;
		};
/* End XCConfigurationList section */
	};
	rootObject = BFB56BA7256D2D9400CC4D7C /* Project object */;
}
