// !$*UTF8*$!
{
	archiveVersion = 1;
	classes = {
	};
	objectVersion = 50;
	objects = {

/* Begin PBXBuildFile section */
		BFC60A182563EF35002BD3FD /* week1App.swift in Sources */ = {isa = PBXBuildFile; fileRef = BFC60A172563EF35002BD3FD /* week1App.swift */; };
		BFC60A1A2563EF35002BD3FD /* ContentView.swift in Sources */ = {isa = PBXBuildFile; fileRef = BFC60A192563EF35002BD3FD /* ContentView.swift */; };
		BFC60A1C2563EF36002BD3FD /* Assets.xcassets in Resources */ = {isa = PBXBuildFile; fileRef = BFC60A1B2563EF36002BD3FD /* Assets.xcassets */; };
		BFC60A1F2563EF36002BD3FD /* Preview Assets.xcassets in Resources */ = {isa = PBXBuildFile; fileRef = BFC60A1E2563EF36002BD3FD /* Preview Assets.xcassets */; };
		BFC60A2B2563EF36002BD3FD /* week1Tests.swift in Sources */ = {isa = PBXBuildFile; fileRef = BFC60A2A2563EF36002BD3FD /* week1Tests.swift */; };
		BFC60A362563EF36002BD3FD /* week1UITests.swift in Sources */ = {isa = PBXBuildFile; fileRef = BFC60A352563EF36002BD3FD /* week1UITests.swift */; };
/* End PBXBuildFile section */

/* Begin PBXContainerItemProxy section */
		BFC60A272563EF36002BD3FD /* PBXContainerItemProxy */ = {
			isa = PBXContainerItemProxy;
			containerPortal = BFC60A0C2563EF35002BD3FD /* Project object */;
			proxyType = 1;
			remoteGlobalIDString = BFC60A132563EF35002BD3FD;
			remoteInfo = week1;
		};
		BFC60A322563EF36002BD3FD /* PBXContainerItemProxy */ = {
			isa = PBXContainerItemProxy;
			containerPortal = BFC60A0C2563EF35002BD3FD /* Project object */;
			proxyType = 1;
			remoteGlobalIDString = BFC60A132563EF35002BD3FD;
			remoteInfo = week1;
		};
/* End PBXContainerItemProxy section */

/* Begin PBXFileReference section */
		BFC60A142563EF35002BD3FD /* week1.app */ = {isa = PBXFileReference; explicitFileType = wrapper.application; includeInIndex = 0; path = week1.app; sourceTree = BUILT_PRODUCTS_DIR; };
		BFC60A172563EF35002BD3FD /* week1App.swift */ = {isa = PBXFileReference; lastKnownFileType = sourcecode.swift; path = week1App.swift; sourceTree = "<group>"; };
		BFC60A192563EF35002BD3FD /* ContentView.swift */ = {isa = PBXFileReference; lastKnownFileType = sourcecode.swift; path = ContentView.swift; sourceTree = "<group>"; };
		BFC60A1B2563EF36002BD3FD /* Assets.xcassets */ = {isa = PBXFileReference; lastKnownFileType = folder.assetcatalog; path = Assets.xcassets; sourceTree = "<group>"; };
		BFC60A1E2563EF36002BD3FD /* Preview Assets.xcassets */ = {isa = PBXFileReference; lastKnownFileType = folder.assetcatalog; path = "Preview Assets.xcassets"; sourceTree = "<group>"; };
		BFC60A202563EF36002BD3FD /* Info.plist */ = {isa = PBXFileReference; lastKnownFileType = text.plist.xml; path = Info.plist; sourceTree = "<group>"; };
		BFC60A212563EF36002BD3FD /* week1.entitlements */ = {isa = PBXFileReference; lastKnownFileType = text.plist.entitlements; path = week1.entitlements; sourceTree = "<group>"; };
		BFC60A262563EF36002BD3FD /* week1Tests.xctest */ = {isa = PBXFileReference; explicitFileType = wrapper.cfbundle; includeInIndex = 0; path = week1Tests.xctest; sourceTree = BUILT_PRODUCTS_DIR; };
		BFC60A2A2563EF36002BD3FD /* week1Tests.swift */ = {isa = PBXFileReference; lastKnownFileType = sourcecode.swift; path = week1Tests.swift; sourceTree = "<group>"; };
		BFC60A2C2563EF36002BD3FD /* Info.plist */ = {isa = PBXFileReference; lastKnownFileType = text.plist.xml; path = Info.plist; sourceTree = "<group>"; };
		BFC60A312563EF36002BD3FD /* week1UITests.xctest */ = {isa = PBXFileReference; explicitFileType = wrapper.cfbundle; includeInIndex = 0; path = week1UITests.xctest; sourceTree = BUILT_PRODUCTS_DIR; };
		BFC60A352563EF36002BD3FD /* week1UITests.swift */ = {isa = PBXFileReference; lastKnownFileType = sourcecode.swift; path = week1UITests.swift; sourceTree = "<group>"; };
		BFC60A372563EF36002BD3FD /* Info.plist */ = {isa = PBXFileReference; lastKnownFileType = text.plist.xml; path = Info.plist; sourceTree = "<group>"; };
/* End PBXFileReference section */

/* Begin PBXFrameworksBuildPhase section */
		BFC60A112563EF35002BD3FD /* Frameworks */ = {
			isa = PBXFrameworksBuildPhase;
			buildActionMask = 2147483647;
			files = (
			);
			runOnlyForDeploymentPostprocessing = 0;
		};
		BFC60A232563EF36002BD3FD /* Frameworks */ = {
			isa = PBXFrameworksBuildPhase;
			buildActionMask = 2147483647;
			files = (
			);
			runOnlyForDeploymentPostprocessing = 0;
		};
		BFC60A2E2563EF36002BD3FD /* Frameworks */ = {
			isa = PBXFrameworksBuildPhase;
			buildActionMask = 2147483647;
			files = (
			);
			runOnlyForDeploymentPostprocessing = 0;
		};
/* End PBXFrameworksBuildPhase section */

/* Begin PBXGroup section */
		BFC60A0B2563EF35002BD3FD = {
			isa = PBXGroup;
			children = (
				BFC60A162563EF35002BD3FD /* week1 */,
				BFC60A292563EF36002BD3FD /* week1Tests */,
				BFC60A342563EF36002BD3FD /* week1UITests */,
				BFC60A152563EF35002BD3FD /* Products */,
			);
			sourceTree = "<group>";
		};
		BFC60A152563EF35002BD3FD /* Products */ = {
			isa = PBXGroup;
			children = (
				BFC60A142563EF35002BD3FD /* week1.app */,
				BFC60A262563EF36002BD3FD /* week1Tests.xctest */,
				BFC60A312563EF36002BD3FD /* week1UITests.xctest */,
			);
			name = Products;
			sourceTree = "<group>";
		};
		BFC60A162563EF35002BD3FD /* week1 */ = {
			isa = PBXGroup;
			children = (
				BFC60A172563EF35002BD3FD /* week1App.swift */,
				BFC60A192563EF35002BD3FD /* ContentView.swift */,
				BFC60A1B2563EF36002BD3FD /* Assets.xcassets */,
				BFC60A202563EF36002BD3FD /* Info.plist */,
				BFC60A212563EF36002BD3FD /* week1.entitlements */,
				BFC60A1D2563EF36002BD3FD /* Preview Content */,
			);
			path = week1;
			sourceTree = "<group>";
		};
		BFC60A1D2563EF36002BD3FD /* Preview Content */ = {
			isa = PBXGroup;
			children = (
				BFC60A1E2563EF36002BD3FD /* Preview Assets.xcassets */,
			);
			path = "Preview Content";
			sourceTree = "<group>";
		};
		BFC60A292563EF36002BD3FD /* week1Tests */ = {
			isa = PBXGroup;
			children = (
				BFC60A2A2563EF36002BD3FD /* week1Tests.swift */,
				BFC60A2C2563EF36002BD3FD /* Info.plist */,
			);
			path = week1Tests;
			sourceTree = "<group>";
		};
		BFC60A342563EF36002BD3FD /* week1UITests */ = {
			isa = PBXGroup;
			children = (
				BFC60A352563EF36002BD3FD /* week1UITests.swift */,
				BFC60A372563EF36002BD3FD /* Info.plist */,
			);
			path = week1UITests;
			sourceTree = "<group>";
		};
/* End PBXGroup section */

/* Begin PBXNativeTarget section */
		BFC60A132563EF35002BD3FD /* week1 */ = {
			isa = PBXNativeTarget;
			buildConfigurationList = BFC60A3A2563EF36002BD3FD /* Build configuration list for PBXNativeTarget "week1" */;
			buildPhases = (
				BFC60A102563EF35002BD3FD /* Sources */,
				BFC60A112563EF35002BD3FD /* Frameworks */,
				BFC60A122563EF35002BD3FD /* Resources */,
			);
			buildRules = (
			);
			dependencies = (
			);
			name = week1;
			productName = week1;
			productReference = BFC60A142563EF35002BD3FD /* week1.app */;
			productType = "com.apple.product-type.application";
		};
		BFC60A252563EF36002BD3FD /* week1Tests */ = {
			isa = PBXNativeTarget;
			buildConfigurationList = BFC60A3D2563EF36002BD3FD /* Build configuration list for PBXNativeTarget "week1Tests" */;
			buildPhases = (
				BFC60A222563EF36002BD3FD /* Sources */,
				BFC60A232563EF36002BD3FD /* Frameworks */,
				BFC60A242563EF36002BD3FD /* Resources */,
			);
			buildRules = (
			);
			dependencies = (
				BFC60A282563EF36002BD3FD /* PBXTargetDependency */,
			);
			name = week1Tests;
			productName = week1Tests;
			productReference = BFC60A262563EF36002BD3FD /* week1Tests.xctest */;
			productType = "com.apple.product-type.bundle.unit-test";
		};
		BFC60A302563EF36002BD3FD /* week1UITests */ = {
			isa = PBXNativeTarget;
			buildConfigurationList = BFC60A402563EF36002BD3FD /* Build configuration list for PBXNativeTarget "week1UITests" */;
			buildPhases = (
				BFC60A2D2563EF36002BD3FD /* Sources */,
				BFC60A2E2563EF36002BD3FD /* Frameworks */,
				BFC60A2F2563EF36002BD3FD /* Resources */,
			);
			buildRules = (
			);
			dependencies = (
				BFC60A332563EF36002BD3FD /* PBXTargetDependency */,
			);
			name = week1UITests;
			productName = week1UITests;
			productReference = BFC60A312563EF36002BD3FD /* week1UITests.xctest */;
			productType = "com.apple.product-type.bundle.ui-testing";
		};
/* End PBXNativeTarget section */

/* Begin PBXProject section */
		BFC60A0C2563EF35002BD3FD /* Project object */ = {
			isa = PBXProject;
			attributes = {
				LastSwiftUpdateCheck = 1220;
				LastUpgradeCheck = 1220;
				TargetAttributes = {
					BFC60A132563EF35002BD3FD = {
						CreatedOnToolsVersion = 12.2;
					};
					BFC60A252563EF36002BD3FD = {
						CreatedOnToolsVersion = 12.2;
						TestTargetID = BFC60A132563EF35002BD3FD;
					};
					BFC60A302563EF36002BD3FD = {
						CreatedOnToolsVersion = 12.2;
						TestTargetID = BFC60A132563EF35002BD3FD;
					};
				};
			};
			buildConfigurationList = BFC60A0F2563EF35002BD3FD /* Build configuration list for PBXProject "week1" */;
			compatibilityVersion = "Xcode 9.3";
			developmentRegion = en;
			hasScannedForEncodings = 0;
			knownRegions = (
				en,
				Base,
			);
			mainGroup = BFC60A0B2563EF35002BD3FD;
			productRefGroup = BFC60A152563EF35002BD3FD /* Products */;
			projectDirPath = "";
			projectRoot = "";
			targets = (
				BFC60A132563EF35002BD3FD /* week1 */,
				BFC60A252563EF36002BD3FD /* week1Tests */,
				BFC60A302563EF36002BD3FD /* week1UITests */,
			);
		};
/* End PBXProject section */

/* Begin PBXResourcesBuildPhase section */
		BFC60A122563EF35002BD3FD /* Resources */ = {
			isa = PBXResourcesBuildPhase;
			buildActionMask = 2147483647;
			files = (
				BFC60A1F2563EF36002BD3FD /* Preview Assets.xcassets in Resources */,
				BFC60A1C2563EF36002BD3FD /* Assets.xcassets in Resources */,
			);
			runOnlyForDeploymentPostprocessing = 0;
		};
		BFC60A242563EF36002BD3FD /* Resources */ = {
			isa = PBXResourcesBuildPhase;
			buildActionMask = 2147483647;
			files = (
			);
			runOnlyForDeploymentPostprocessing = 0;
		};
		BFC60A2F2563EF36002BD3FD /* Resources */ = {
			isa = PBXResourcesBuildPhase;
			buildActionMask = 2147483647;
			files = (
			);
			runOnlyForDeploymentPostprocessing = 0;
		};
/* End PBXResourcesBuildPhase section */

/* Begin PBXSourcesBuildPhase section */
		BFC60A102563EF35002BD3FD /* Sources */ = {
			isa = PBXSourcesBuildPhase;
			buildActionMask = 2147483647;
			files = (
				BFC60A1A2563EF35002BD3FD /* ContentView.swift in Sources */,
				BFC60A182563EF35002BD3FD /* week1App.swift in Sources */,
			);
			runOnlyForDeploymentPostprocessing = 0;
		};
		BFC60A222563EF36002BD3FD /* Sources */ = {
			isa = PBXSourcesBuildPhase;
			buildActionMask = 2147483647;
			files = (
				BFC60A2B2563EF36002BD3FD /* week1Tests.swift in Sources */,
			);
			runOnlyForDeploymentPostprocessing = 0;
		};
		BFC60A2D2563EF36002BD3FD /* Sources */ = {
			isa = PBXSourcesBuildPhase;
			buildActionMask = 2147483647;
			files = (
				BFC60A362563EF36002BD3FD /* week1UITests.swift in Sources */,
			);
			runOnlyForDeploymentPostprocessing = 0;
		};
/* End PBXSourcesBuildPhase section */

/* Begin PBXTargetDependency section */
		BFC60A282563EF36002BD3FD /* PBXTargetDependency */ = {
			isa = PBXTargetDependency;
			target = BFC60A132563EF35002BD3FD /* week1 */;
			targetProxy = BFC60A272563EF36002BD3FD /* PBXContainerItemProxy */;
		};
		BFC60A332563EF36002BD3FD /* PBXTargetDependency */ = {
			isa = PBXTargetDependency;
			target = BFC60A132563EF35002BD3FD /* week1 */;
			targetProxy = BFC60A322563EF36002BD3FD /* PBXContainerItemProxy */;
		};
/* End PBXTargetDependency section */

/* Begin XCBuildConfiguration section */
		BFC60A382563EF36002BD3FD /* Debug */ = {
			isa = XCBuildConfiguration;
			buildSettings = {
				ALWAYS_SEARCH_USER_PATHS = NO;
				CLANG_ANALYZER_NONNULL = YES;
				CLANG_ANALYZER_NUMBER_OBJECT_CONVERSION = YES_AGGRESSIVE;
				CLANG_CXX_LANGUAGE_STANDARD = "gnu++14";
				CLANG_CXX_LIBRARY = "libc++";
				CLANG_ENABLE_MODULES = YES;
				CLANG_ENABLE_OBJC_ARC = YES;
				CLANG_ENABLE_OBJC_WEAK = YES;
				CLANG_WARN_BLOCK_CAPTURE_AUTORELEASING = YES;
				CLANG_WARN_BOOL_CONVERSION = YES;
				CLANG_WARN_COMMA = YES;
				CLANG_WARN_CONSTANT_CONVERSION = YES;
				CLANG_WARN_DEPRECATED_OBJC_IMPLEMENTATIONS = YES;
				CLANG_WARN_DIRECT_OBJC_ISA_USAGE = YES_ERROR;
				CLANG_WARN_DOCUMENTATION_COMMENTS = YES;
				CLANG_WARN_EMPTY_BODY = YES;
				CLANG_WARN_ENUM_CONVERSION = YES;
				CLANG_WARN_INFINITE_RECURSION = YES;
				CLANG_WARN_INT_CONVERSION = YES;
				CLANG_WARN_NON_LITERAL_NULL_CONVERSION = YES;
				CLANG_WARN_OBJC_IMPLICIT_RETAIN_SELF = YES;
				CLANG_WARN_OBJC_LITERAL_CONVERSION = YES;
				CLANG_WARN_OBJC_ROOT_CLASS = YES_ERROR;
				CLANG_WARN_QUOTED_INCLUDE_IN_FRAMEWORK_HEADER = YES;
				CLANG_WARN_RANGE_LOOP_ANALYSIS = YES;
				CLANG_WARN_STRICT_PROTOTYPES = YES;
				CLANG_WARN_SUSPICIOUS_MOVE = YES;
				CLANG_WARN_UNGUARDED_AVAILABILITY = YES_AGGRESSIVE;
				CLANG_WARN_UNREACHABLE_CODE = YES;
				CLANG_WARN__DUPLICATE_METHOD_MATCH = YES;
				COPY_PHASE_STRIP = NO;
				DEBUG_INFORMATION_FORMAT = dwarf;
				ENABLE_STRICT_OBJC_MSGSEND = YES;
				ENABLE_TESTABILITY = YES;
				GCC_C_LANGUAGE_STANDARD = gnu11;
				GCC_DYNAMIC_NO_PIC = NO;
				GCC_NO_COMMON_BLOCKS = YES;
				GCC_OPTIMIZATION_LEVEL = 0;
				GCC_PREPROCESSOR_DEFINITIONS = (
					"DEBUG=1",
					"$(inherited)",
				);
				GCC_WARN_64_TO_32_BIT_CONVERSION = YES;
				GCC_WARN_ABOUT_RETURN_TYPE = YES_ERROR;
				GCC_WARN_UNDECLARED_SELECTOR = YES;
				GCC_WARN_UNINITIALIZED_AUTOS = YES_AGGRESSIVE;
				GCC_WARN_UNUSED_FUNCTION = YES;
				GCC_WARN_UNUSED_VARIABLE = YES;
				MACOSX_DEPLOYMENT_TARGET = 11.0;
				MTL_ENABLE_DEBUG_INFO = INCLUDE_SOURCE;
				MTL_FAST_MATH = YES;
				ONLY_ACTIVE_ARCH = YES;
				SDKROOT = macosx;
				SWIFT_ACTIVE_COMPILATION_CONDITIONS = DEBUG;
				SWIFT_OPTIMIZATION_LEVEL = "-Onone";
			};
			name = Debug;
		};
		BFC60A392563EF36002BD3FD /* Release */ = {
			isa = XCBuildConfiguration;
			buildSettings = {
				ALWAYS_SEARCH_USER_PATHS = NO;
				CLANG_ANALYZER_NONNULL = YES;
				CLANG_ANALYZER_NUMBER_OBJECT_CONVERSION = YES_AGGRESSIVE;
				CLANG_CXX_LANGUAGE_STANDARD = "gnu++14";
				CLANG_CXX_LIBRARY = "libc++";
				CLANG_ENABLE_MODULES = YES;
				CLANG_ENABLE_OBJC_ARC = YES;
				CLANG_ENABLE_OBJC_WEAK = YES;
				CLANG_WARN_BLOCK_CAPTURE_AUTORELEASING = YES;
				CLANG_WARN_BOOL_CONVERSION = YES;
				CLANG_WARN_COMMA = YES;
				CLANG_WARN_CONSTANT_CONVERSION = YES;
				CLANG_WARN_DEPRECATED_OBJC_IMPLEMENTATIONS = YES;
				CLANG_WARN_DIRECT_OBJC_ISA_USAGE = YES_ERROR;
				CLANG_WARN_DOCUMENTATION_COMMENTS = YES;
				CLANG_WARN_EMPTY_BODY = YES;
				CLANG_WARN_ENUM_CONVERSION = YES;
				CLANG_WARN_INFINITE_RECURSION = YES;
				CLANG_WARN_INT_CONVERSION = YES;
				CLANG_WARN_NON_LITERAL_NULL_CONVERSION = YES;
				CLANG_WARN_OBJC_IMPLICIT_RETAIN_SELF = YES;
				CLANG_WARN_OBJC_LITERAL_CONVERSION = YES;
				CLANG_WARN_OBJC_ROOT_CLASS = YES_ERROR;
				CLANG_WARN_QUOTED_INCLUDE_IN_FRAMEWORK_HEADER = YES;
				CLANG_WARN_RANGE_LOOP_ANALYSIS = YES;
				CLANG_WARN_STRICT_PROTOTYPES = YES;
				CLANG_WARN_SUSPICIOUS_MOVE = YES;
				CLANG_WARN_UNGUARDED_AVAILABILITY = YES_AGGRESSIVE;
				CLANG_WARN_UNREACHABLE_CODE = YES;
				CLANG_WARN__DUPLICATE_METHOD_MATCH = YES;
				COPY_PHASE_STRIP = NO;
				DEBUG_INFORMATION_FORMAT = "dwarf-with-dsym";
				ENABLE_NS_ASSERTIONS = NO;
				ENABLE_STRICT_OBJC_MSGSEND = YES;
				GCC_C_LANGUAGE_STANDARD = gnu11;
				GCC_NO_COMMON_BLOCKS = YES;
				GCC_WARN_64_TO_32_BIT_CONVERSION = YES;
				GCC_WARN_ABOUT_RETURN_TYPE = YES_ERROR;
				GCC_WARN_UNDECLARED_SELECTOR = YES;
				GCC_WARN_UNINITIALIZED_AUTOS = YES_AGGRESSIVE;
				GCC_WARN_UNUSED_FUNCTION = YES;
				GCC_WARN_UNUSED_VARIABLE = YES;
				MACOSX_DEPLOYMENT_TARGET = 11.0;
				MTL_ENABLE_DEBUG_INFO = NO;
				MTL_FAST_MATH = YES;
				SDKROOT = macosx;
				SWIFT_COMPILATION_MODE = wholemodule;
				SWIFT_OPTIMIZATION_LEVEL = "-O";
			};
			name = Release;
		};
		BFC60A3B2563EF36002BD3FD /* Debug */ = {
			isa = XCBuildConfiguration;
			buildSettings = {
				ASSETCATALOG_COMPILER_APPICON_NAME = AppIcon;
				ASSETCATALOG_COMPILER_GLOBAL_ACCENT_COLOR_NAME = AccentColor;
				CODE_SIGN_ENTITLEMENTS = week1/week1.entitlements;
				CODE_SIGN_STYLE = Automatic;
				COMBINE_HIDPI_IMAGES = YES;
				DEVELOPMENT_ASSET_PATHS = "\"week1/Preview Content\"";
				ENABLE_PREVIEWS = YES;
				INFOPLIST_FILE = week1/Info.plist;
				LD_RUNPATH_SEARCH_PATHS = (
					"$(inherited)",
					"@executable_path/../Frameworks",
				);
				MACOSX_DEPLOYMENT_TARGET = 11.0;
				PRODUCT_BUNDLE_IDENTIFIER = Haku.week1;
				PRODUCT_NAME = "$(TARGET_NAME)";
				SWIFT_VERSION = 5.0;
			};
			name = Debug;
		};
		BFC60A3C2563EF36002BD3FD /* Release */ = {
			isa = XCBuildConfiguration;
			buildSettings = {
				ASSETCATALOG_COMPILER_APPICON_NAME = AppIcon;
				ASSETCATALOG_COMPILER_GLOBAL_ACCENT_COLOR_NAME = AccentColor;
				CODE_SIGN_ENTITLEMENTS = week1/week1.entitlements;
				CODE_SIGN_STYLE = Automatic;
				COMBINE_HIDPI_IMAGES = YES;
				DEVELOPMENT_ASSET_PATHS = "\"week1/Preview Content\"";
				ENABLE_PREVIEWS = YES;
				INFOPLIST_FILE = week1/Info.plist;
				LD_RUNPATH_SEARCH_PATHS = (
					"$(inherited)",
					"@executable_path/../Frameworks",
				);
				MACOSX_DEPLOYMENT_TARGET = 11.0;
				PRODUCT_BUNDLE_IDENTIFIER = Haku.week1;
				PRODUCT_NAME = "$(TARGET_NAME)";
				SWIFT_VERSION = 5.0;
			};
			name = Release;
		};
		BFC60A3E2563EF36002BD3FD /* Debug */ = {
			isa = XCBuildConfiguration;
			buildSettings = {
				ALWAYS_EMBED_SWIFT_STANDARD_LIBRARIES = YES;
				BUNDLE_LOADER = "$(TEST_HOST)";
				CODE_SIGN_STYLE = Automatic;
				COMBINE_HIDPI_IMAGES = YES;
				INFOPLIST_FILE = week1Tests/Info.plist;
				LD_RUNPATH_SEARCH_PATHS = (
					"$(inherited)",
					"@executable_path/../Frameworks",
					"@loader_path/../Frameworks",
				);
				MACOSX_DEPLOYMENT_TARGET = 11.0;
				PRODUCT_BUNDLE_IDENTIFIER = Haku.week1Tests;
				PRODUCT_NAME = "$(TARGET_NAME)";
				SWIFT_VERSION = 5.0;
				TEST_HOST = "$(BUILT_PRODUCTS_DIR)/week1.app/Contents/MacOS/week1";
			};
			name = Debug;
		};
		BFC60A3F2563EF36002BD3FD /* Release */ = {
			isa = XCBuildConfiguration;
			buildSettings = {
				ALWAYS_EMBED_SWIFT_STANDARD_LIBRARIES = YES;
				BUNDLE_LOADER = "$(TEST_HOST)";
				CODE_SIGN_STYLE = Automatic;
				COMBINE_HIDPI_IMAGES = YES;
				INFOPLIST_FILE = week1Tests/Info.plist;
				LD_RUNPATH_SEARCH_PATHS = (
					"$(inherited)",
					"@executable_path/../Frameworks",
					"@loader_path/../Frameworks",
				);
				MACOSX_DEPLOYMENT_TARGET = 11.0;
				PRODUCT_BUNDLE_IDENTIFIER = Haku.week1Tests;
				PRODUCT_NAME = "$(TARGET_NAME)";
				SWIFT_VERSION = 5.0;
				TEST_HOST = "$(BUILT_PRODUCTS_DIR)/week1.app/Contents/MacOS/week1";
			};
			name = Release;
		};
		BFC60A412563EF36002BD3FD /* Debug */ = {
			isa = XCBuildConfiguration;
			buildSettings = {
				ALWAYS_EMBED_SWIFT_STANDARD_LIBRARIES = YES;
				CODE_SIGN_STYLE = Automatic;
				COMBINE_HIDPI_IMAGES = YES;
				INFOPLIST_FILE = week1UITests/Info.plist;
				LD_RUNPATH_SEARCH_PATHS = (
					"$(inherited)",
					"@executable_path/../Frameworks",
					"@loader_path/../Frameworks",
				);
				PRODUCT_BUNDLE_IDENTIFIER = Haku.week1UITests;
				PRODUCT_NAME = "$(TARGET_NAME)";
				SWIFT_VERSION = 5.0;
				TEST_TARGET_NAME = week1;
			};
			name = Debug;
		};
		BFC60A422563EF36002BD3FD /* Release */ = {
			isa = XCBuildConfiguration;
			buildSettings = {
				ALWAYS_EMBED_SWIFT_STANDARD_LIBRARIES = YES;
				CODE_SIGN_STYLE = Automatic;
				COMBINE_HIDPI_IMAGES = YES;
				INFOPLIST_FILE = week1UITests/Info.plist;
				LD_RUNPATH_SEARCH_PATHS = (
					"$(inherited)",
					"@executable_path/../Frameworks",
					"@loader_path/../Frameworks",
				);
				PRODUCT_BUNDLE_IDENTIFIER = Haku.week1UITests;
				PRODUCT_NAME = "$(TARGET_NAME)";
				SWIFT_VERSION = 5.0;
				TEST_TARGET_NAME = week1;
			};
			name = Release;
		};
/* End XCBuildConfiguration section */

/* Begin XCConfigurationList section */
		BFC60A0F2563EF35002BD3FD /* Build configuration list for PBXProject "week1" */ = {
			isa = XCConfigurationList;
			buildConfigurations = (
				BFC60A382563EF36002BD3FD /* Debug */,
				BFC60A392563EF36002BD3FD /* Release */,
			);
			defaultConfigurationIsVisible = 0;
			defaultConfigurationName = Release;
		};
		BFC60A3A2563EF36002BD3FD /* Build configuration list for PBXNativeTarget "week1" */ = {
			isa = XCConfigurationList;
			buildConfigurations = (
				BFC60A3B2563EF36002BD3FD /* Debug */,
				BFC60A3C2563EF36002BD3FD /* Release */,
			);
			defaultConfigurationIsVisible = 0;
			defaultConfigurationName = Release;
		};
		BFC60A3D2563EF36002BD3FD /* Build configuration list for PBXNativeTarget "week1Tests" */ = {
			isa = XCConfigurationList;
			buildConfigurations = (
				BFC60A3E2563EF36002BD3FD /* Debug */,
				BFC60A3F2563EF36002BD3FD /* Release */,
			);
			defaultConfigurationIsVisible = 0;
			defaultConfigurationName = Release;
		};
		BFC60A402563EF36002BD3FD /* Build configuration list for PBXNativeTarget "week1UITests" */ = {
			isa = XCConfigurationList;
			buildConfigurations = (
				BFC60A412563EF36002BD3FD /* Debug */,
				BFC60A422563EF36002BD3FD /* Release */,
			);
			defaultConfigurationIsVisible = 0;
			defaultConfigurationName = Release;
		};
/* End XCConfigurationList section */
	};
	rootObject = BFC60A0C2563EF35002BD3FD /* Project object */;
}
